
Microsoft Visual Studio Solution File, Format Version 12.00
# Visual Studio Version 17
VisualStudioVersion = 17.0.31903.59
MinimumVisualStudioVersion = 10.0.40219.1
Project("{9A19103F-16F7-4668-BE54-9A1E7A4F7556}") = "Application", "Application\Application.csproj", "{74AED43C-0F8E-4694-AD0A-6195D87426DF}"
EndProject
Project("{2150E333-8FDC-42A3-9474-1A3956D46DE8}") = "Modules", "Modules", "{7B304E96-6B4A-48D7-A50B-D242A78F6FCA}"
EndProject
Project("{2150E333-8FDC-42A3-9474-1A3956D46DE8}") = "Identity", "Identity", "{4A8EC076-F13D-4302-BEC8-5629FA7F7992}"
EndProject
Project("{9A19103F-16F7-4668-BE54-9A1E7A4F7556}") = "Identity.Core", "Modules\Identity\Identity.Core\Identity.Core.csproj", "{BDBA4337-3858-4C9D-B7FE-CEA192BAA841}"
EndProject
Project("{9A19103F-16F7-4668-BE54-9A1E7A4F7556}") = "Identity.Application", "Modules\Identity\Identity.Application\Identity.Application.csproj", "{48F755D9-4A2B-4DD3-9C78-36FFAA5BFB24}"
EndProject
Project("{9A19103F-16F7-4668-BE54-9A1E7A4F7556}") = "Identity.Infrastructure", "Modules\Identity\Identity.Infrastructure\Identity.Infrastructure.csproj", "{9AC866EB-A260-4594-BD17-D867D1C0DE5A}"
EndProject
Project("{9A19103F-16F7-4668-BE54-9A1E7A4F7556}") = "Identity.API", "Modules\Identity\Identity.API\Identity.API.csproj", "{FE1FB820-7CD1-4CE5-AAA0-46FAD2B99C9E}"
EndProject
Project("{2150E333-8FDC-42A3-9474-1A3956D46DE8}") = "University", "University", "{73F7BE0A-53B8-4EBD-8AED-9F49A5DE8A4A}"
EndProject
Project("{9A19103F-16F7-4668-BE54-9A1E7A4F7556}") = "University.Core", "Modules\University\University.Core\University.Core.csproj", "{9FF0CFF0-9AB3-4DD8-B573-29EC5F9F0EF8}"
EndProject
Project("{9A19103F-16F7-4668-BE54-9A1E7A4F7556}") = "University.Application", "Modules\University\University.Application\University.Application.csproj", "{BC16696C-4B77-46DF-AB23-38B8790CF3E2}"
EndProject
Project("{9A19103F-16F7-4668-BE54-9A1E7A4F7556}") = "University.Infrastructure", "Modules\University\University.Infrastructure\University.Infrastructure.csproj", "{420339E0-CC62-4909-85FE-C9F9439A2DD3}"
EndProject
Project("{9A19103F-16F7-4668-BE54-9A1E7A4F7556}") = "University.API", "Modules\University\University.API\University.API.csproj", "{2F7E7737-7D36-4578-8574-AFF72BC6E405}"
EndProject
Project("{2150E333-8FDC-42A3-9474-1A3956D46DE8}") = "Faculty", "Faculty", "{5CD6A805-1217-42D1-B123-AA752F2BEB34}"
EndProject
Project("{9A19103F-16F7-4668-BE54-9A1E7A4F7556}") = "Faculty.Core", "Modules\Faculty\Faculty.Core\Faculty.Core.csproj", "{EB59A4E9-76D9-4DE3-8991-254A0DDC427D}"
EndProject
Project("{9A19103F-16F7-4668-BE54-9A1E7A4F7556}") = "Faculty.Application", "Modules\Faculty\Faculty.Application\Faculty.Application.csproj", "{7ABE9C4C-F87F-4A4C-8F0F-B78439B53429}"
EndProject
Project("{9A19103F-16F7-4668-BE54-9A1E7A4F7556}") = "Faculty.Infrastructure", "Modules\Faculty\Faculty.Infrastructure\Faculty.Infrastructure.csproj", "{89690104-A87E-4C95-860E-422A5AE8B6DC}"
EndProject
Project("{9A19103F-16F7-4668-BE54-9A1E7A4F7556}") = "Faculty.API", "Modules\Faculty\Faculty.API\Faculty.API.csproj", "{3FA79EC2-72B2-4DF3-808C-8AE720FFE514}"
EndProject
Project("{2150E333-8FDC-42A3-9474-1A3956D46DE8}") = "Support", "Support", "{2FA61FBF-51A3-432E-8765-980788E32162}"
EndProject
Project("{9A19103F-16F7-4668-BE54-9A1E7A4F7556}") = "Support.Core", "Modules\Support\Support.Core\Support.Core.csproj", "{CB6DCA8C-8458-4969-A9A2-CAD6CC6693A2}"
EndProject
Project("{9A19103F-16F7-4668-BE54-9A1E7A4F7556}") = "Support.Application", "Modules\Support\Support.Application\Support.Application.csproj", "{886AD182-376D-4F13-A527-C1C17231A0F7}"
EndProject
Project("{9A19103F-16F7-4668-BE54-9A1E7A4F7556}") = "Support.Infrastructure", "Modules\Support\Support.Infrastructure\Support.Infrastructure.csproj", "{2A82C129-0A98-462D-B865-9482AC084A03}"
EndProject
Project("{9A19103F-16F7-4668-BE54-9A1E7A4F7556}") = "Support.API", "Modules\Support\Support.API\Support.API.csproj", "{6BA1BC42-DAB1-4BA0-91AF-AD6B7C9497DC}"
EndProject
Project("{2150E333-8FDC-42A3-9474-1A3956D46DE8}") = "Notifications", "Notifications", "{F2F5109A-FAC3-4795-BE0C-061384DFACED}"
EndProject
Project("{9A19103F-16F7-4668-BE54-9A1E7A4F7556}") = "Notifications.Core", "Modules\Notifications\Notifications.Core\Notifications.Core.csproj", "{F63104F7-BFA6-47CD-885D-8BE7820956D4}"
EndProject
Project("{9A19103F-16F7-4668-BE54-9A1E7A4F7556}") = "Notifications.Application", "Modules\Notifications\Notifications.Application\Notifications.Application.csproj", "{DB06F197-A01A-47B6-9A09-9811833812F2}"
EndProject
Project("{9A19103F-16F7-4668-BE54-9A1E7A4F7556}") = "Notifications.Infrastructure", "Modules\Notifications\Notifications.Infrastructure\Notifications.Infrastructure.csproj", "{2C62C6A0-057C-429E-AA52-65700DA9605C}"
EndProject
Project("{9A19103F-16F7-4668-BE54-9A1E7A4F7556}") = "Notifications.API", "Modules\Notifications\Notifications.API\Notifications.API.csproj", "{19D21F67-055F-4B1A-8A96-F563C6208FEB}"
EndProject
Project("{2150E333-8FDC-42A3-9474-1A3956D46DE8}") = "Analytics", "Analytics", "{E741F59A-6988-402D-982F-8A1FFB65E378}"
EndProject
Project("{9A19103F-16F7-4668-BE54-9A1E7A4F7556}") = "Analytics.Core", "Modules\Analytics\Analytics.Core\Analytics.Core.csproj", "{1A29CE4E-0D81-48FF-A82E-7BE15C0EB9E2}"
EndProject
Project("{9A19103F-16F7-4668-BE54-9A1E7A4F7556}") = "Analytics.Application", "Modules\Analytics\Analytics.Application\Analytics.Application.csproj", "{929E027E-54EA-425D-A30D-F035296D10E7}"
EndProject
Project("{9A19103F-16F7-4668-BE54-9A1E7A4F7556}") = "Analytics.Infrastructure", "Modules\Analytics\Analytics.Infrastructure\Analytics.Infrastructure.csproj", "{ADFAD419-F577-4D21-95D6-55E098BAB607}"
EndProject
Project("{9A19103F-16F7-4668-BE54-9A1E7A4F7556}") = "Analytics.API", "Modules\Analytics\Analytics.API\Analytics.API.csproj", "{8CBC3996-90B6-46B1-B85B-581177032161}"
EndProject
Project("{FAE04EC0-301F-11D3-BF4B-00C04F79EFBC}") = "ArchitectureTests", "ArchitectureTests\ArchitectureTests.csproj", "{82D8AB8C-00F7-4D29-A187-7177B664A1D8}"
EndProject
Project("{FAE04EC0-301F-11D3-BF4B-00C04F79EFBC}") = "Test", "Modules\Identity\Test\Test.csproj", "{66B69606-9D9A-4210-848A-DE386B3EE29D}"
EndProject
Global
	GlobalSection(SolutionConfigurationPlatforms) = preSolution
		Debug|Any CPU = Debug|Any CPU
		Release|Any CPU = Release|Any CPU
	EndGlobalSection
	GlobalSection(ProjectConfigurationPlatforms) = postSolution
		{74AED43C-0F8E-4694-AD0A-6195D87426DF}.Debug|Any CPU.ActiveCfg = Debug|Any CPU
		{74AED43C-0F8E-4694-AD0A-6195D87426DF}.Debug|Any CPU.Build.0 = Debug|Any CPU
		{74AED43C-0F8E-4694-AD0A-6195D87426DF}.Release|Any CPU.ActiveCfg = Release|Any CPU
		{74AED43C-0F8E-4694-AD0A-6195D87426DF}.Release|Any CPU.Build.0 = Release|Any CPU
		{BDBA4337-3858-4C9D-B7FE-CEA192BAA841}.Debug|Any CPU.ActiveCfg = Debug|Any CPU
		{BDBA4337-3858-4C9D-B7FE-CEA192BAA841}.Debug|Any CPU.Build.0 = Debug|Any CPU
		{BDBA4337-3858-4C9D-B7FE-CEA192BAA841}.Release|Any CPU.ActiveCfg = Release|Any CPU
		{BDBA4337-3858-4C9D-B7FE-CEA192BAA841}.Release|Any CPU.Build.0 = Release|Any CPU
		{48F755D9-4A2B-4DD3-9C78-36FFAA5BFB24}.Debug|Any CPU.ActiveCfg = Debug|Any CPU
		{48F755D9-4A2B-4DD3-9C78-36FFAA5BFB24}.Debug|Any CPU.Build.0 = Debug|Any CPU
		{48F755D9-4A2B-4DD3-9C78-36FFAA5BFB24}.Release|Any CPU.ActiveCfg = Release|Any CPU
		{48F755D9-4A2B-4DD3-9C78-36FFAA5BFB24}.Release|Any CPU.Build.0 = Release|Any CPU
		{9AC866EB-A260-4594-BD17-D867D1C0DE5A}.Debug|Any CPU.ActiveCfg = Debug|Any CPU
		{9AC866EB-A260-4594-BD17-D867D1C0DE5A}.Debug|Any CPU.Build.0 = Debug|Any CPU
		{9AC866EB-A260-4594-BD17-D867D1C0DE5A}.Release|Any CPU.ActiveCfg = Release|Any CPU
		{9AC866EB-A260-4594-BD17-D867D1C0DE5A}.Release|Any CPU.Build.0 = Release|Any CPU
		{FE1FB820-7CD1-4CE5-AAA0-46FAD2B99C9E}.Debug|Any CPU.ActiveCfg = Debug|Any CPU
		{FE1FB820-7CD1-4CE5-AAA0-46FAD2B99C9E}.Debug|Any CPU.Build.0 = Debug|Any CPU
		{FE1FB820-7CD1-4CE5-AAA0-46FAD2B99C9E}.Release|Any CPU.ActiveCfg = Release|Any CPU
		{FE1FB820-7CD1-4CE5-AAA0-46FAD2B99C9E}.Release|Any CPU.Build.0 = Release|Any CPU
		{9FF0CFF0-9AB3-4DD8-B573-29EC5F9F0EF8}.Debug|Any CPU.ActiveCfg = Debug|Any CPU
		{9FF0CFF0-9AB3-4DD8-B573-29EC5F9F0EF8}.Debug|Any CPU.Build.0 = Debug|Any CPU
		{9FF0CFF0-9AB3-4DD8-B573-29EC5F9F0EF8}.Release|Any CPU.ActiveCfg = Release|Any CPU
		{9FF0CFF0-9AB3-4DD8-B573-29EC5F9F0EF8}.Release|Any CPU.Build.0 = Release|Any CPU
		{BC16696C-4B77-46DF-AB23-38B8790CF3E2}.Debug|Any CPU.ActiveCfg = Debug|Any CPU
		{BC16696C-4B77-46DF-AB23-38B8790CF3E2}.Debug|Any CPU.Build.0 = Debug|Any CPU
		{BC16696C-4B77-46DF-AB23-38B8790CF3E2}.Release|Any CPU.ActiveCfg = Release|Any CPU
		{BC16696C-4B77-46DF-AB23-38B8790CF3E2}.Release|Any CPU.Build.0 = Release|Any CPU
		{420339E0-CC62-4909-85FE-C9F9439A2DD3}.Debug|Any CPU.ActiveCfg = Debug|Any CPU
		{420339E0-CC62-4909-85FE-C9F9439A2DD3}.Debug|Any CPU.Build.0 = Debug|Any CPU
		{420339E0-CC62-4909-85FE-C9F9439A2DD3}.Release|Any CPU.ActiveCfg = Release|Any CPU
		{420339E0-CC62-4909-85FE-C9F9439A2DD3}.Release|Any CPU.Build.0 = Release|Any CPU
		{2F7E7737-7D36-4578-8574-AFF72BC6E405}.Debug|Any CPU.ActiveCfg = Debug|Any CPU
		{2F7E7737-7D36-4578-8574-AFF72BC6E405}.Debug|Any CPU.Build.0 = Debug|Any CPU
		{2F7E7737-7D36-4578-8574-AFF72BC6E405}.Release|Any CPU.ActiveCfg = Release|Any CPU
		{2F7E7737-7D36-4578-8574-AFF72BC6E405}.Release|Any CPU.Build.0 = Release|Any CPU
		{EB59A4E9-76D9-4DE3-8991-254A0DDC427D}.Debug|Any CPU.ActiveCfg = Debug|Any CPU
		{EB59A4E9-76D9-4DE3-8991-254A0DDC427D}.Debug|Any CPU.Build.0 = Debug|Any CPU
		{EB59A4E9-76D9-4DE3-8991-254A0DDC427D}.Release|Any CPU.ActiveCfg = Release|Any CPU
		{EB59A4E9-76D9-4DE3-8991-254A0DDC427D}.Release|Any CPU.Build.0 = Release|Any CPU
		{7ABE9C4C-F87F-4A4C-8F0F-B78439B53429}.Debug|Any CPU.ActiveCfg = Debug|Any CPU
		{7ABE9C4C-F87F-4A4C-8F0F-B78439B53429}.Debug|Any CPU.Build.0 = Debug|Any CPU
		{7ABE9C4C-F87F-4A4C-8F0F-B78439B53429}.Release|Any CPU.ActiveCfg = Release|Any CPU
		{7ABE9C4C-F87F-4A4C-8F0F-B78439B53429}.Release|Any CPU.Build.0 = Release|Any CPU
		{89690104-A87E-4C95-860E-422A5AE8B6DC}.Debug|Any CPU.ActiveCfg = Debug|Any CPU
		{89690104-A87E-4C95-860E-422A5AE8B6DC}.Debug|Any CPU.Build.0 = Debug|Any CPU
		{89690104-A87E-4C95-860E-422A5AE8B6DC}.Release|Any CPU.ActiveCfg = Release|Any CPU
		{89690104-A87E-4C95-860E-422A5AE8B6DC}.Release|Any CPU.Build.0 = Release|Any CPU
		{3FA79EC2-72B2-4DF3-808C-8AE720FFE514}.Debug|Any CPU.ActiveCfg = Debug|Any CPU
		{3FA79EC2-72B2-4DF3-808C-8AE720FFE514}.Debug|Any CPU.Build.0 = Debug|Any CPU
		{3FA79EC2-72B2-4DF3-808C-8AE720FFE514}.Release|Any CPU.ActiveCfg = Release|Any CPU
		{3FA79EC2-72B2-4DF3-808C-8AE720FFE514}.Release|Any CPU.Build.0 = Release|Any CPU
		{CB6DCA8C-8458-4969-A9A2-CAD6CC6693A2}.Debug|Any CPU.ActiveCfg = Debug|Any CPU
		{CB6DCA8C-8458-4969-A9A2-CAD6CC6693A2}.Debug|Any CPU.Build.0 = Debug|Any CPU
		{CB6DCA8C-8458-4969-A9A2-CAD6CC6693A2}.Release|Any CPU.ActiveCfg = Release|Any CPU
		{CB6DCA8C-8458-4969-A9A2-CAD6CC6693A2}.Release|Any CPU.Build.0 = Release|Any CPU
		{886AD182-376D-4F13-A527-C1C17231A0F7}.Debug|Any CPU.ActiveCfg = Debug|Any CPU
		{886AD182-376D-4F13-A527-C1C17231A0F7}.Debug|Any CPU.Build.0 = Debug|Any CPU
		{886AD182-376D-4F13-A527-C1C17231A0F7}.Release|Any CPU.ActiveCfg = Release|Any CPU
		{886AD182-376D-4F13-A527-C1C17231A0F7}.Release|Any CPU.Build.0 = Release|Any CPU
		{2A82C129-0A98-462D-B865-9482AC084A03}.Debug|Any CPU.ActiveCfg = Debug|Any CPU
		{2A82C129-0A98-462D-B865-9482AC084A03}.Debug|Any CPU.Build.0 = Debug|Any CPU
		{2A82C129-0A98-462D-B865-9482AC084A03}.Release|Any CPU.ActiveCfg = Release|Any CPU
		{2A82C129-0A98-462D-B865-9482AC084A03}.Release|Any CPU.Build.0 = Release|Any CPU
		{6BA1BC42-DAB1-4BA0-91AF-AD6B7C9497DC}.Debug|Any CPU.ActiveCfg = Debug|Any CPU
		{6BA1BC42-DAB1-4BA0-91AF-AD6B7C9497DC}.Debug|Any CPU.Build.0 = Debug|Any CPU
		{6BA1BC42-DAB1-4BA0-91AF-AD6B7C9497DC}.Release|Any CPU.ActiveCfg = Release|Any CPU
		{6BA1BC42-DAB1-4BA0-91AF-AD6B7C9497DC}.Release|Any CPU.Build.0 = Release|Any CPU
		{F63104F7-BFA6-47CD-885D-8BE7820956D4}.Debug|Any CPU.ActiveCfg = Debug|Any CPU
		{F63104F7-BFA6-47CD-885D-8BE7820956D4}.Debug|Any CPU.Build.0 = Debug|Any CPU
		{F63104F7-BFA6-47CD-885D-8BE7820956D4}.Release|Any CPU.ActiveCfg = Release|Any CPU
		{F63104F7-BFA6-47CD-885D-8BE7820956D4}.Release|Any CPU.Build.0 = Release|Any CPU
		{DB06F197-A01A-47B6-9A09-9811833812F2}.Debug|Any CPU.ActiveCfg = Debug|Any CPU
		{DB06F197-A01A-47B6-9A09-9811833812F2}.Debug|Any CPU.Build.0 = Debug|Any CPU
		{DB06F197-A01A-47B6-9A09-9811833812F2}.Release|Any CPU.ActiveCfg = Release|Any CPU
		{DB06F197-A01A-47B6-9A09-9811833812F2}.Release|Any CPU.Build.0 = Release|Any CPU
		{2C62C6A0-057C-429E-AA52-65700DA9605C}.Debug|Any CPU.ActiveCfg = Debug|Any CPU
		{2C62C6A0-057C-429E-AA52-65700DA9605C}.Debug|Any CPU.Build.0 = Debug|Any CPU
		{2C62C6A0-057C-429E-AA52-65700DA9605C}.Release|Any CPU.ActiveCfg = Release|Any CPU
		{2C62C6A0-057C-429E-AA52-65700DA9605C}.Release|Any CPU.Build.0 = Release|Any CPU
		{19D21F67-055F-4B1A-8A96-F563C6208FEB}.Debug|Any CPU.ActiveCfg = Debug|Any CPU
		{19D21F67-055F-4B1A-8A96-F563C6208FEB}.Debug|Any CPU.Build.0 = Debug|Any CPU
		{19D21F67-055F-4B1A-8A96-F563C6208FEB}.Release|Any CPU.ActiveCfg = Release|Any CPU
		{19D21F67-055F-4B1A-8A96-F563C6208FEB}.Release|Any CPU.Build.0 = Release|Any CPU
		{1A29CE4E-0D81-48FF-A82E-7BE15C0EB9E2}.Debug|Any CPU.ActiveCfg = Debug|Any CPU
		{1A29CE4E-0D81-48FF-A82E-7BE15C0EB9E2}.Debug|Any CPU.Build.0 = Debug|Any CPU
		{1A29CE4E-0D81-48FF-A82E-7BE15C0EB9E2}.Release|Any CPU.ActiveCfg = Release|Any CPU
		{1A29CE4E-0D81-48FF-A82E-7BE15C0EB9E2}.Release|Any CPU.Build.0 = Release|Any CPU
		{929E027E-54EA-425D-A30D-F035296D10E7}.Debug|Any CPU.ActiveCfg = Debug|Any CPU
		{929E027E-54EA-425D-A30D-F035296D10E7}.Debug|Any CPU.Build.0 = Debug|Any CPU
		{929E027E-54EA-425D-A30D-F035296D10E7}.Release|Any CPU.ActiveCfg = Release|Any CPU
		{929E027E-54EA-425D-A30D-F035296D10E7}.Release|Any CPU.Build.0 = Release|Any CPU
		{ADFAD419-F577-4D21-95D6-55E098BAB607}.Debug|Any CPU.ActiveCfg = Debug|Any CPU
		{ADFAD419-F577-4D21-95D6-55E098BAB607}.Debug|Any CPU.Build.0 = Debug|Any CPU
		{ADFAD419-F577-4D21-95D6-55E098BAB607}.Release|Any CPU.ActiveCfg = Release|Any CPU
		{ADFAD419-F577-4D21-95D6-55E098BAB607}.Release|Any CPU.Build.0 = Release|Any CPU
		{8CBC3996-90B6-46B1-B85B-581177032161}.Debug|Any CPU.ActiveCfg = Debug|Any CPU
		{8CBC3996-90B6-46B1-B85B-581177032161}.Debug|Any CPU.Build.0 = Debug|Any CPU
		{8CBC3996-90B6-46B1-B85B-581177032161}.Release|Any CPU.ActiveCfg = Release|Any CPU
		{8CBC3996-90B6-46B1-B85B-581177032161}.Release|Any CPU.Build.0 = Release|Any CPU
		{82D8AB8C-00F7-4D29-A187-7177B664A1D8}.Debug|Any CPU.ActiveCfg = Debug|Any CPU
		{82D8AB8C-00F7-4D29-A187-7177B664A1D8}.Debug|Any CPU.Build.0 = Debug|Any CPU
		{82D8AB8C-00F7-4D29-A187-7177B664A1D8}.Release|Any CPU.ActiveCfg = Release|Any CPU
		{82D8AB8C-00F7-4D29-A187-7177B664A1D8}.Release|Any CPU.Build.0 = Release|Any CPU
		{D9CEA726-395D-4970-9559-5DC31EAA53A1}.Debug|Any CPU.ActiveCfg = Debug|Any CPU
		{D9CEA726-395D-4970-9559-5DC31EAA53A1}.Debug|Any CPU.Build.0 = Debug|Any CPU
		{D9CEA726-395D-4970-9559-5DC31EAA53A1}.Release|Any CPU.ActiveCfg = Release|Any CPU
		{D9CEA726-395D-4970-9559-5DC31EAA53A1}.Release|Any CPU.Build.0 = Release|Any CPU
		{66B69606-9D9A-4210-848A-DE386B3EE29D}.Debug|Any CPU.ActiveCfg = Debug|Any CPU
		{66B69606-9D9A-4210-848A-DE386B3EE29D}.Debug|Any CPU.Build.0 = Debug|Any CPU
		{66B69606-9D9A-4210-848A-DE386B3EE29D}.Release|Any CPU.ActiveCfg = Release|Any CPU
		{66B69606-9D9A-4210-848A-DE386B3EE29D}.Release|Any CPU.Build.0 = Release|Any CPU
	EndGlobalSection
	GlobalSection(SolutionProperties) = preSolution
		HideSolutionNode = FALSE
	EndGlobalSection
	GlobalSection(NestedProjects) = preSolution
		{4A8EC076-F13D-4302-BEC8-5629FA7F7992} = {7B304E96-6B4A-48D7-A50B-D242A78F6FCA}
		{BDBA4337-3858-4C9D-B7FE-CEA192BAA841} = {4A8EC076-F13D-4302-BEC8-5629FA7F7992}
		{48F755D9-4A2B-4DD3-9C78-36FFAA5BFB24} = {4A8EC076-F13D-4302-BEC8-5629FA7F7992}
		{9AC866EB-A260-4594-BD17-D867D1C0DE5A} = {4A8EC076-F13D-4302-BEC8-5629FA7F7992}
		{FE1FB820-7CD1-4CE5-AAA0-46FAD2B99C9E} = {4A8EC076-F13D-4302-BEC8-5629FA7F7992}
		{73F7BE0A-53B8-4EBD-8AED-9F49A5DE8A4A} = {7B304E96-6B4A-48D7-A50B-D242A78F6FCA}
		{9FF0CFF0-9AB3-4DD8-B573-29EC5F9F0EF8} = {73F7BE0A-53B8-4EBD-8AED-9F49A5DE8A4A}
		{BC16696C-4B77-46DF-AB23-38B8790CF3E2} = {73F7BE0A-53B8-4EBD-8AED-9F49A5DE8A4A}
		{420339E0-CC62-4909-85FE-C9F9439A2DD3} = {73F7BE0A-53B8-4EBD-8AED-9F49A5DE8A4A}
		{2F7E7737-7D36-4578-8574-AFF72BC6E405} = {73F7BE0A-53B8-4EBD-8AED-9F49A5DE8A4A}
		{5CD6A805-1217-42D1-B123-AA752F2BEB34} = {7B304E96-6B4A-48D7-A50B-D242A78F6FCA}
		{EB59A4E9-76D9-4DE3-8991-254A0DDC427D} = {5CD6A805-1217-42D1-B123-AA752F2BEB34}
		{7ABE9C4C-F87F-4A4C-8F0F-B78439B53429} = {5CD6A805-1217-42D1-B123-AA752F2BEB34}
		{89690104-A87E-4C95-860E-422A5AE8B6DC} = {5CD6A805-1217-42D1-B123-AA752F2BEB34}
		{3FA79EC2-72B2-4DF3-808C-8AE720FFE514} = {5CD6A805-1217-42D1-B123-AA752F2BEB34}
		{2FA61FBF-51A3-432E-8765-980788E32162} = {7B304E96-6B4A-48D7-A50B-D242A78F6FCA}
		{CB6DCA8C-8458-4969-A9A2-CAD6CC6693A2} = {2FA61FBF-51A3-432E-8765-980788E32162}
		{886AD182-376D-4F13-A527-C1C17231A0F7} = {2FA61FBF-51A3-432E-8765-980788E32162}
		{2A82C129-0A98-462D-B865-9482AC084A03} = {2FA61FBF-51A3-432E-8765-980788E32162}
		{6BA1BC42-DAB1-4BA0-91AF-AD6B7C9497DC} = {2FA61FBF-51A3-432E-8765-980788E32162}
		{F2F5109A-FAC3-4795-BE0C-061384DFACED} = {7B304E96-6B4A-48D7-A50B-D242A78F6FCA}
		{F63104F7-BFA6-47CD-885D-8BE7820956D4} = {F2F5109A-FAC3-4795-BE0C-061384DFACED}
		{DB06F197-A01A-47B6-9A09-9811833812F2} = {F2F5109A-FAC3-4795-BE0C-061384DFACED}
		{2C62C6A0-057C-429E-AA52-65700DA9605C} = {F2F5109A-FAC3-4795-BE0C-061384DFACED}
		{19D21F67-055F-4B1A-8A96-F563C6208FEB} = {F2F5109A-FAC3-4795-BE0C-061384DFACED}
		{E741F59A-6988-402D-982F-8A1FFB65E378} = {7B304E96-6B4A-48D7-A50B-D242A78F6FCA}
		{1A29CE4E-0D81-48FF-A82E-7BE15C0EB9E2} = {E741F59A-6988-402D-982F-8A1FFB65E378}
		{929E027E-54EA-425D-A30D-F035296D10E7} = {E741F59A-6988-402D-982F-8A1FFB65E378}
		{ADFAD419-F577-4D21-95D6-55E098BAB607} = {E741F59A-6988-402D-982F-8A1FFB65E378}
		{8CBC3996-90B6-46B1-B85B-581177032161} = {E741F59A-6988-402D-982F-8A1FFB65E378}
		{66B69606-9D9A-4210-848A-DE386B3EE29D} = {4A8EC076-F13D-4302-BEC8-5629FA7F7992}
	EndGlobalSection
	GlobalSection(ExtensibilityGlobals) = postSolution
		SolutionGuid = {4FE11B32-46A9-420C-9AD3-91090D359829}
	EndGlobalSection
EndGlobal
